
Microsoft Visual Studio Solution File, Format Version 12.00
# Visual Studio 15
Project("{FAE04EC0-301F-11D3-BF4B-00C04F79EFBC}") = "BulkyBook", "BulkyBook\BulkyBook.csproj", "{89E7A2D4-CF45-4564-831D-AFA887D2FFFC}"
EndProject
Global
	GlobalSection(SolutionConfigurationPlatforms) = preSolution
		Debug|Any CPU = Debug|Any CPU
		Release|Any CPU = Release|Any CPU
	EndGlobalSection
	GlobalSection(ProjectConfigurationPlatforms) = postSolution
		{89E7A2D4-CF45-4564-831D-AFA887D2FFFC}.Debug|Any CPU.ActiveCfg = Debug|Any CPU
		{89E7A2D4-CF45-4564-831D-AFA887D2FFFC}.Debug|Any CPU.Build.0 = Debug|Any CPU
		{89E7A2D4-CF45-4564-831D-AFA887D2FFFC}.Release|Any CPU.ActiveCfg = Release|Any CPU
		{89E7A2D4-CF45-4564-831D-AFA887D2FFFC}.Release|Any CPU.Build.0 = Release|Any CPU
	EndGlobalSection
EndGlobal
